Microsoft Visual Studio Solution File, Format Version 12.00
# Visual Studio Version 16
VisualStudioVersion = 16.0.30114.105
MinimumVisualStudioVersion = 10.0.40219.1
Project("{FAE04EC0-301F-11D3-BF4B-00C04F79EFBC}") = "Test", "Test\Test.csproj", "{1B87FBF2-6270-4E22-9E2F-ACD86131B2FB}"
EndProject
Global
	GlobalSection(SolutionConfigurationPlatforms) = preSolution
		Debug|anycpu = Debug|anycpu
		Release|anycpu = Release|anycpu
	EndGlobalSection
	GlobalSection(ProjectConfigurationPlatforms) = postSolution
		{1B87FBF2-6270-4E22-9E2F-ACD86131B2FB}.Debug|anycpu.ActiveCfg = Debug|Any CPU
		{1B87FBF2-6270-4E22-9E2F-ACD86131B2FB}.Debug|anycpu.Build.0 = Debug|Any CPU
		{1B87FBF2-6270-4E22-9E2F-ACD86131B2FB}.Release|anycpu.ActiveCfg = Release|Any CPU
		{1B87FBF2-6270-4E22-9E2F-ACD86131B2FB}.Release|anycpu.Build.0 = Release|Any CPU
	EndGlobalSection
	GlobalSection(SolutionProperties) = preSolution
		HideSolutionNode = FALSE
	EndGlobalSection
	GlobalSection(ExtensibilityGlobals) = postSolution
		SolutionGuid = {BBEAFF83-B319-4ED8-BB2F-6B7FCA24F090}
	EndGlobalSection
EndGlobal
